
Microsoft Visual Studio Solution File, Format Version 12.00
# Visual Studio Version 17
VisualStudioVersion = 17.13.35828.75 d17.13
MinimumVisualStudioVersion = 10.0.40219.1
Project("{FAE04EC0-301F-11D3-BF4B-00C04F79EFBC}") = "BudzetDomowy", "BudzetDomowy\BudzetDomowy.csproj", "{9A50456C-930F-44FC-91C4-44A5AFE6AB7A}"
EndProject
Global
	GlobalSection(SolutionConfigurationPlatforms) = preSolution
		Debug|Any CPU = Debug|Any CPU
		Release|Any CPU = Release|Any CPU
	EndGlobalSection
	GlobalSection(ProjectConfigurationPlatforms) = postSolution
		{9A50456C-930F-44FC-91C4-44A5AFE6AB7A}.Debug|Any CPU.ActiveCfg = Debug|Any CPU
		{9A50456C-930F-44FC-91C4-44A5AFE6AB7A}.Debug|Any CPU.Build.0 = Debug|Any CPU
		{9A50456C-930F-44FC-91C4-44A5AFE6AB7A}.Release|Any CPU.ActiveCfg = Release|Any CPU
		{9A50456C-930F-44FC-91C4-44A5AFE6AB7A}.Release|Any CPU.Build.0 = Release|Any CPU
	EndGlobalSection
	GlobalSection(SolutionProperties) = preSolution
		HideSolutionNode = FALSE
	EndGlobalSection
	GlobalSection(ExtensibilityGlobals) = postSolution
		SolutionGuid = {2E39E42C-8246-4976-B584-F67387BC8593}
	EndGlobalSection
EndGlobal
